github.com/go-sql-driver/mysql v1.6.0 h1:BCTh4TKNUYmOmMUcQ3IipzF5prigylS7XXjEkfCHuOE=
github.com/go-sql-driver/mysql v1.6.0/go.mod h1:DCzpHaOWr8IXmIStZouvnhqoel9Qv2LBy8hT2VhHyBg=
github.com/peterhellberg/swapi v0.0.0-20200508232426-373c676d837e h1:XFpAMKt7Kf3BbgCI+PTYy2F+oo0NnI7fAsr2Sxvy6AI=
github.com/peterhellberg/swapi v0.0.0-20200508232426-373c676d837e/go.mod h1:rG0T5PdZwYx/Hg/VxZ8iLakVu6mTihPHYjo7V/mAXpA=
